
Microsoft Visual Studio Solution File, Format Version 12.00
# Visual Studio Version 17
VisualStudioVersion = 17.5.33414.496
MinimumVisualStudioVersion = 10.0.40219.1
Project("{9A19103F-16F7-4668-BE54-9A1E7A4F7556}") = "WebUI", "WebUI\WebUI.csproj", "{670807B2-F510-4A9B-A8FF-EE8786BC15EA}"
EndProject
Project("{9A19103F-16F7-4668-BE54-9A1E7A4F7556}") = "Entities", "Entities\Entities.csproj", "{F11A29F3-8BFD-4756-AE26-74A2EFDD4E49}"
EndProject
Project("{FAE04EC0-301F-11D3-BF4B-00C04F79EFBC}") = "Services", "Services\Services.csproj", "{BEF20313-037F-4790-9E09-B866D10699F6}"
EndProject
Global
	GlobalSection(SolutionConfigurationPlatforms) = preSolution
		Debug|Any CPU = Debug|Any CPU
		Release|Any CPU = Release|Any CPU
	EndGlobalSection
	GlobalSection(ProjectConfigurationPlatforms) = postSolution
		{670807B2-F510-4A9B-A8FF-EE8786BC15EA}.Debug|Any CPU.ActiveCfg = Debug|Any CPU
		{670807B2-F510-4A9B-A8FF-EE8786BC15EA}.Debug|Any CPU.Build.0 = Debug|Any CPU
		{670807B2-F510-4A9B-A8FF-EE8786BC15EA}.Release|Any CPU.ActiveCfg = Release|Any CPU
		{670807B2-F510-4A9B-A8FF-EE8786BC15EA}.Release|Any CPU.Build.0 = Release|Any CPU
		{F11A29F3-8BFD-4756-AE26-74A2EFDD4E49}.Debug|Any CPU.ActiveCfg = Debug|Any CPU
		{F11A29F3-8BFD-4756-AE26-74A2EFDD4E49}.Debug|Any CPU.Build.0 = Debug|Any CPU
		{F11A29F3-8BFD-4756-AE26-74A2EFDD4E49}.Release|Any CPU.ActiveCfg = Release|Any CPU
		{F11A29F3-8BFD-4756-AE26-74A2EFDD4E49}.Release|Any CPU.Build.0 = Release|Any CPU
		{BEF20313-037F-4790-9E09-B866D10699F6}.Debug|Any CPU.ActiveCfg = Debug|Any CPU
		{BEF20313-037F-4790-9E09-B866D10699F6}.Debug|Any CPU.Build.0 = Debug|Any CPU
		{BEF20313-037F-4790-9E09-B866D10699F6}.Release|Any CPU.ActiveCfg = Release|Any CPU
		{BEF20313-037F-4790-9E09-B866D10699F6}.Release|Any CPU.Build.0 = Release|Any CPU
	EndGlobalSection
	GlobalSection(SolutionProperties) = preSolution
		HideSolutionNode = FALSE
	EndGlobalSection
	GlobalSection(ExtensibilityGlobals) = postSolution
		SolutionGuid = {1C3F148F-04A3-47FA-80BF-8FF1D5ED4F9C}
	EndGlobalSection
EndGlobal
